
Microsoft Visual Studio Solution File, Format Version 12.00
Project("{FAE04EC0-301F-11D3-BF4B-00C04F79EFBC}") = "flashlightapi", "flashlightapi\flashlightapi.csproj", "{F01EA70F-F6DE-455D-948A-2E89D22EF926}"
EndProject
Project("{FAE04EC0-301F-11D3-BF4B-00C04F79EFBC}") = "flashlightapi.Tests", "flashlightapi.Tests\flashlightapi.Tests.csproj", "{780E2F15-269A-4471-9FE7-FCE327FCC2AD}"
EndProject
Global
	GlobalSection(SolutionConfigurationPlatforms) = preSolution
		Debug|Any CPU = Debug|Any CPU
		Release|Any CPU = Release|Any CPU
	EndGlobalSection
	GlobalSection(ProjectConfigurationPlatforms) = postSolution
		{F01EA70F-F6DE-455D-948A-2E89D22EF926}.Debug|Any CPU.ActiveCfg = Debug|Any CPU
		{F01EA70F-F6DE-455D-948A-2E89D22EF926}.Debug|Any CPU.Build.0 = Debug|Any CPU
		{F01EA70F-F6DE-455D-948A-2E89D22EF926}.Release|Any CPU.ActiveCfg = Release|Any CPU
		{F01EA70F-F6DE-455D-948A-2E89D22EF926}.Release|Any CPU.Build.0 = Release|Any CPU
		{780E2F15-269A-4471-9FE7-FCE327FCC2AD}.Debug|Any CPU.ActiveCfg = Debug|Any CPU
		{780E2F15-269A-4471-9FE7-FCE327FCC2AD}.Debug|Any CPU.Build.0 = Debug|Any CPU
		{780E2F15-269A-4471-9FE7-FCE327FCC2AD}.Release|Any CPU.ActiveCfg = Release|Any CPU
		{780E2F15-269A-4471-9FE7-FCE327FCC2AD}.Release|Any CPU.Build.0 = Release|Any CPU
	EndGlobalSection
EndGlobal
